
Microsoft Visual Studio Solution File, Format Version 12.00
# Visual Studio 15
VisualStudioVersion = 15.0.25920.0
MinimumVisualStudioVersion = 10.0.40219.1
Project("{2150E333-8FDC-42A3-9474-1A3956D46DE8}") = "Web", "Web", "{7A71CEC1-3B60-437C-972E-F990686C90AD}"
EndProject
Project("{FAE04EC0-301F-11D3-BF4B-00C04F79EFBC}") = "FileServerCore.Web", "src\Web\FileServerCore.Web\FileServerCore.Web.csproj", "{3852BE48-290F-40CC-997B-FE13FD6DAD63}"
EndProject
Global
	GlobalSection(SolutionConfigurationPlatforms) = preSolution
		Debug|Any CPU = Debug|Any CPU
		Release|Any CPU = Release|Any CPU
	EndGlobalSection
	GlobalSection(ProjectConfigurationPlatforms) = postSolution
		{3852BE48-290F-40CC-997B-FE13FD6DAD63}.Debug|Any CPU.ActiveCfg = Debug|Any CPU
		{3852BE48-290F-40CC-997B-FE13FD6DAD63}.Debug|Any CPU.Build.0 = Debug|Any CPU
		{3852BE48-290F-40CC-997B-FE13FD6DAD63}.Release|Any CPU.ActiveCfg = Release|Any CPU
		{3852BE48-290F-40CC-997B-FE13FD6DAD63}.Release|Any CPU.Build.0 = Release|Any CPU
	EndGlobalSection
	GlobalSection(SolutionProperties) = preSolution
		HideSolutionNode = FALSE
	EndGlobalSection
	GlobalSection(NestedProjects) = preSolution
		{3852BE48-290F-40CC-997B-FE13FD6DAD63} = {7A71CEC1-3B60-437C-972E-F990686C90AD}
	EndGlobalSection
EndGlobal
