
Microsoft Visual Studio Solution File, Format Version 12.00
# Visual Studio 15
VisualStudioVersion = 15.0.25920.0
MinimumVisualStudioVersion = 10.0.40219.1
Project("{2150E333-8FDC-42A3-9474-1A3956D46DE8}") = "Web", "Web", "{7A71CEC1-3B60-437C-972E-F990686C90AD}"
EndProject
Project("{2150E333-8FDC-42A3-9474-1A3956D46DE8}") = "Data", "Data", "{EA263A0E-46B7-4592-865F-48AB251E2AB2}"
EndProject
Project("{2150E333-8FDC-42A3-9474-1A3956D46DE8}") = "Services", "Services", "{21EB70C6-BB76-4043-871F-F514BC45DC24}"
EndProject
Project("{9A19103F-16F7-4668-BE54-9A1E7A4F7556}") = "FileServerCore.Web", "Web\FileServerCore.Web\FileServerCore.Web.csproj", "{DD6FF133-C515-4A7E-A206-19572C99C1CE}"
EndProject
Project("{9A19103F-16F7-4668-BE54-9A1E7A4F7556}") = "Avg.Data", "Data\Avg.Data\Avg.Data.csproj", "{8E1CF76F-278E-4F64-9527-5E17946E780F}"
EndProject
Project("{9A19103F-16F7-4668-BE54-9A1E7A4F7556}") = "Avg.Data.Common", "Data\Avg.Data.Common\Avg.Data.Common.csproj", "{012881FA-4051-4B92-9889-A6D0B9B4830C}"
EndProject
Project("{9A19103F-16F7-4668-BE54-9A1E7A4F7556}") = "Avg.Data.Models", "Data\Avg.Data.Models\Avg.Data.Models.csproj", "{2ECBF1BC-E0E2-471B-A8FE-8B9BCE2A2964}"
EndProject
Project("{9A19103F-16F7-4668-BE54-9A1E7A4F7556}") = "Avg.Services.Users", "Services\Avg.Services.Users\Avg.Services.Users.csproj", "{2B048DB6-7F98-42C3-A3D9-A0D8BFAA9514}"
EndProject
Project("{9A19103F-16F7-4668-BE54-9A1E7A4F7556}") = "Avg.Services.Mappings", "Services\Avg.Services.Mappings\Avg.Services.Mappings.csproj", "{E854BF21-3842-4AB9-9711-D59D1A20D83F}"
EndProject
Global
	GlobalSection(SolutionConfigurationPlatforms) = preSolution
		Debug|Any CPU = Debug|Any CPU
		Debug|x64 = Debug|x64
		Debug|x86 = Debug|x86
		Release|Any CPU = Release|Any CPU
		Release|x64 = Release|x64
		Release|x86 = Release|x86
	EndGlobalSection
	GlobalSection(ProjectConfigurationPlatforms) = postSolution
		{DD6FF133-C515-4A7E-A206-19572C99C1CE}.Debug|Any CPU.ActiveCfg = Debug|Any CPU
		{DD6FF133-C515-4A7E-A206-19572C99C1CE}.Debug|Any CPU.Build.0 = Debug|Any CPU
		{DD6FF133-C515-4A7E-A206-19572C99C1CE}.Debug|x64.ActiveCfg = Debug|Any CPU
		{DD6FF133-C515-4A7E-A206-19572C99C1CE}.Debug|x64.Build.0 = Debug|Any CPU
		{DD6FF133-C515-4A7E-A206-19572C99C1CE}.Debug|x86.ActiveCfg = Debug|Any CPU
		{DD6FF133-C515-4A7E-A206-19572C99C1CE}.Debug|x86.Build.0 = Debug|Any CPU
		{DD6FF133-C515-4A7E-A206-19572C99C1CE}.Release|Any CPU.ActiveCfg = Release|Any CPU
		{DD6FF133-C515-4A7E-A206-19572C99C1CE}.Release|Any CPU.Build.0 = Release|Any CPU
		{DD6FF133-C515-4A7E-A206-19572C99C1CE}.Release|x64.ActiveCfg = Release|Any CPU
		{DD6FF133-C515-4A7E-A206-19572C99C1CE}.Release|x64.Build.0 = Release|Any CPU
		{DD6FF133-C515-4A7E-A206-19572C99C1CE}.Release|x86.ActiveCfg = Release|Any CPU
		{DD6FF133-C515-4A7E-A206-19572C99C1CE}.Release|x86.Build.0 = Release|Any CPU
		{8E1CF76F-278E-4F64-9527-5E17946E780F}.Debug|Any CPU.ActiveCfg = Debug|Any CPU
		{8E1CF76F-278E-4F64-9527-5E17946E780F}.Debug|Any CPU.Build.0 = Debug|Any CPU
		{8E1CF76F-278E-4F64-9527-5E17946E780F}.Debug|x64.ActiveCfg = Debug|x64
		{8E1CF76F-278E-4F64-9527-5E17946E780F}.Debug|x64.Build.0 = Debug|x64
		{8E1CF76F-278E-4F64-9527-5E17946E780F}.Debug|x86.ActiveCfg = Debug|x86
		{8E1CF76F-278E-4F64-9527-5E17946E780F}.Debug|x86.Build.0 = Debug|x86
		{8E1CF76F-278E-4F64-9527-5E17946E780F}.Release|Any CPU.ActiveCfg = Release|Any CPU
		{8E1CF76F-278E-4F64-9527-5E17946E780F}.Release|Any CPU.Build.0 = Release|Any CPU
		{8E1CF76F-278E-4F64-9527-5E17946E780F}.Release|x64.ActiveCfg = Release|x64
		{8E1CF76F-278E-4F64-9527-5E17946E780F}.Release|x64.Build.0 = Release|x64
		{8E1CF76F-278E-4F64-9527-5E17946E780F}.Release|x86.ActiveCfg = Release|x86
		{8E1CF76F-278E-4F64-9527-5E17946E780F}.Release|x86.Build.0 = Release|x86
		{012881FA-4051-4B92-9889-A6D0B9B4830C}.Debug|Any CPU.ActiveCfg = Debug|Any CPU
		{012881FA-4051-4B92-9889-A6D0B9B4830C}.Debug|Any CPU.Build.0 = Debug|Any CPU
		{012881FA-4051-4B92-9889-A6D0B9B4830C}.Debug|x64.ActiveCfg = Debug|x64
		{012881FA-4051-4B92-9889-A6D0B9B4830C}.Debug|x64.Build.0 = Debug|x64
		{012881FA-4051-4B92-9889-A6D0B9B4830C}.Debug|x86.ActiveCfg = Debug|x86
		{012881FA-4051-4B92-9889-A6D0B9B4830C}.Debug|x86.Build.0 = Debug|x86
		{012881FA-4051-4B92-9889-A6D0B9B4830C}.Release|Any CPU.ActiveCfg = Release|Any CPU
		{012881FA-4051-4B92-9889-A6D0B9B4830C}.Release|Any CPU.Build.0 = Release|Any CPU
		{012881FA-4051-4B92-9889-A6D0B9B4830C}.Release|x64.ActiveCfg = Release|x64
		{012881FA-4051-4B92-9889-A6D0B9B4830C}.Release|x64.Build.0 = Release|x64
		{012881FA-4051-4B92-9889-A6D0B9B4830C}.Release|x86.ActiveCfg = Release|x86
		{012881FA-4051-4B92-9889-A6D0B9B4830C}.Release|x86.Build.0 = Release|x86
		{2ECBF1BC-E0E2-471B-A8FE-8B9BCE2A2964}.Debug|Any CPU.ActiveCfg = Debug|Any CPU
		{2ECBF1BC-E0E2-471B-A8FE-8B9BCE2A2964}.Debug|Any CPU.Build.0 = Debug|Any CPU
		{2ECBF1BC-E0E2-471B-A8FE-8B9BCE2A2964}.Debug|x64.ActiveCfg = Debug|x64
		{2ECBF1BC-E0E2-471B-A8FE-8B9BCE2A2964}.Debug|x64.Build.0 = Debug|x64
		{2ECBF1BC-E0E2-471B-A8FE-8B9BCE2A2964}.Debug|x86.ActiveCfg = Debug|x86
		{2ECBF1BC-E0E2-471B-A8FE-8B9BCE2A2964}.Debug|x86.Build.0 = Debug|x86
		{2ECBF1BC-E0E2-471B-A8FE-8B9BCE2A2964}.Release|Any CPU.ActiveCfg = Release|Any CPU
		{2ECBF1BC-E0E2-471B-A8FE-8B9BCE2A2964}.Release|Any CPU.Build.0 = Release|Any CPU
		{2ECBF1BC-E0E2-471B-A8FE-8B9BCE2A2964}.Release|x64.ActiveCfg = Release|x64
		{2ECBF1BC-E0E2-471B-A8FE-8B9BCE2A2964}.Release|x64.Build.0 = Release|x64
		{2ECBF1BC-E0E2-471B-A8FE-8B9BCE2A2964}.Release|x86.ActiveCfg = Release|x86
		{2ECBF1BC-E0E2-471B-A8FE-8B9BCE2A2964}.Release|x86.Build.0 = Release|x86
		{2B048DB6-7F98-42C3-A3D9-A0D8BFAA9514}.Debug|Any CPU.ActiveCfg = Debug|Any CPU
		{2B048DB6-7F98-42C3-A3D9-A0D8BFAA9514}.Debug|Any CPU.Build.0 = Debug|Any CPU
		{2B048DB6-7F98-42C3-A3D9-A0D8BFAA9514}.Debug|x64.ActiveCfg = Debug|x64
		{2B048DB6-7F98-42C3-A3D9-A0D8BFAA9514}.Debug|x64.Build.0 = Debug|x64
		{2B048DB6-7F98-42C3-A3D9-A0D8BFAA9514}.Debug|x86.ActiveCfg = Debug|x86
		{2B048DB6-7F98-42C3-A3D9-A0D8BFAA9514}.Debug|x86.Build.0 = Debug|x86
		{2B048DB6-7F98-42C3-A3D9-A0D8BFAA9514}.Release|Any CPU.ActiveCfg = Release|Any CPU
		{2B048DB6-7F98-42C3-A3D9-A0D8BFAA9514}.Release|Any CPU.Build.0 = Release|Any CPU
		{2B048DB6-7F98-42C3-A3D9-A0D8BFAA9514}.Release|x64.ActiveCfg = Release|x64
		{2B048DB6-7F98-42C3-A3D9-A0D8BFAA9514}.Release|x64.Build.0 = Release|x64
		{2B048DB6-7F98-42C3-A3D9-A0D8BFAA9514}.Release|x86.ActiveCfg = Release|x86
		{2B048DB6-7F98-42C3-A3D9-A0D8BFAA9514}.Release|x86.Build.0 = Release|x86
		{E854BF21-3842-4AB9-9711-D59D1A20D83F}.Debug|Any CPU.ActiveCfg = Debug|Any CPU
		{E854BF21-3842-4AB9-9711-D59D1A20D83F}.Debug|Any CPU.Build.0 = Debug|Any CPU
		{E854BF21-3842-4AB9-9711-D59D1A20D83F}.Debug|x64.ActiveCfg = Debug|x64
		{E854BF21-3842-4AB9-9711-D59D1A20D83F}.Debug|x64.Build.0 = Debug|x64
		{E854BF21-3842-4AB9-9711-D59D1A20D83F}.Debug|x86.ActiveCfg = Debug|x86
		{E854BF21-3842-4AB9-9711-D59D1A20D83F}.Debug|x86.Build.0 = Debug|x86
		{E854BF21-3842-4AB9-9711-D59D1A20D83F}.Release|Any CPU.ActiveCfg = Release|Any CPU
		{E854BF21-3842-4AB9-9711-D59D1A20D83F}.Release|Any CPU.Build.0 = Release|Any CPU
		{E854BF21-3842-4AB9-9711-D59D1A20D83F}.Release|x64.ActiveCfg = Release|x64
		{E854BF21-3842-4AB9-9711-D59D1A20D83F}.Release|x64.Build.0 = Release|x64
		{E854BF21-3842-4AB9-9711-D59D1A20D83F}.Release|x86.ActiveCfg = Release|x86
		{E854BF21-3842-4AB9-9711-D59D1A20D83F}.Release|x86.Build.0 = Release|x86
	EndGlobalSection
	GlobalSection(SolutionProperties) = preSolution
		HideSolutionNode = FALSE
	EndGlobalSection
	GlobalSection(NestedProjects) = preSolution
		{DD6FF133-C515-4A7E-A206-19572C99C1CE} = {7A71CEC1-3B60-437C-972E-F990686C90AD}
		{8E1CF76F-278E-4F64-9527-5E17946E780F} = {EA263A0E-46B7-4592-865F-48AB251E2AB2}
		{012881FA-4051-4B92-9889-A6D0B9B4830C} = {EA263A0E-46B7-4592-865F-48AB251E2AB2}
		{2ECBF1BC-E0E2-471B-A8FE-8B9BCE2A2964} = {EA263A0E-46B7-4592-865F-48AB251E2AB2}
		{2B048DB6-7F98-42C3-A3D9-A0D8BFAA9514} = {21EB70C6-BB76-4043-871F-F514BC45DC24}
		{E854BF21-3842-4AB9-9711-D59D1A20D83F} = {21EB70C6-BB76-4043-871F-F514BC45DC24}
	EndGlobalSection
EndGlobal
